
Microsoft Visual Studio Solution File, Format Version 12.00
# Visual Studio 15
VisualStudioVersion = 15.0.27004.2006
MinimumVisualStudioVersion = 10.0.40219.1
Project("{FAE04EC0-301F-11D3-BF4B-00C04F79EFBC}") = "ORMS", "ORMS\ORMS.csproj", "{0BD8AA8E-6D68-4729-A054-AA9F817F04BC}"
EndProject
Project("{FAE04EC0-301F-11D3-BF4B-00C04F79EFBC}") = "EntityFramework6Repository", "EntityFreamwork6Repository\EntityFramework6Repository.csproj", "{50433A64-3A31-4CA0-B625-6C07215B6597}"
EndProject
Project("{FAE04EC0-301F-11D3-BF4B-00C04F79EFBC}") = "Framework.Repository", "Framework.Repository\Framework.Repository.csproj", "{4AA836BD-222A-47CE-A49D-FB8F9456C18C}"
EndProject
Project("{FAE04EC0-301F-11D3-BF4B-00C04F79EFBC}") = "DapperRepository", "DapperRepository\DapperRepository.csproj", "{E7F548B0-B3F0-49B6-A208-AA044E8325A0}"
EndProject
Project("{FAE04EC0-301F-11D3-BF4B-00C04F79EFBC}") = "EntityFramworkCore", "EntityFreamworkCore\EntityFramworkCore.csproj", "{D3CE5CF2-AECD-4C13-90CE-B3A5431877BD}"
EndProject
Global
	GlobalSection(SolutionConfigurationPlatforms) = preSolution
		Debug|Any CPU = Debug|Any CPU
		Release|Any CPU = Release|Any CPU
	EndGlobalSection
	GlobalSection(ProjectConfigurationPlatforms) = postSolution
		{0BD8AA8E-6D68-4729-A054-AA9F817F04BC}.Debug|Any CPU.ActiveCfg = Debug|Any CPU
		{0BD8AA8E-6D68-4729-A054-AA9F817F04BC}.Debug|Any CPU.Build.0 = Debug|Any CPU
		{0BD8AA8E-6D68-4729-A054-AA9F817F04BC}.Release|Any CPU.ActiveCfg = Release|Any CPU
		{0BD8AA8E-6D68-4729-A054-AA9F817F04BC}.Release|Any CPU.Build.0 = Release|Any CPU
		{50433A64-3A31-4CA0-B625-6C07215B6597}.Debug|Any CPU.ActiveCfg = Debug|Any CPU
		{50433A64-3A31-4CA0-B625-6C07215B6597}.Debug|Any CPU.Build.0 = Debug|Any CPU
		{50433A64-3A31-4CA0-B625-6C07215B6597}.Release|Any CPU.ActiveCfg = Release|Any CPU
		{50433A64-3A31-4CA0-B625-6C07215B6597}.Release|Any CPU.Build.0 = Release|Any CPU
		{4AA836BD-222A-47CE-A49D-FB8F9456C18C}.Debug|Any CPU.ActiveCfg = Debug|Any CPU
		{4AA836BD-222A-47CE-A49D-FB8F9456C18C}.Debug|Any CPU.Build.0 = Debug|Any CPU
		{4AA836BD-222A-47CE-A49D-FB8F9456C18C}.Release|Any CPU.ActiveCfg = Release|Any CPU
		{4AA836BD-222A-47CE-A49D-FB8F9456C18C}.Release|Any CPU.Build.0 = Release|Any CPU
		{E7F548B0-B3F0-49B6-A208-AA044E8325A0}.Debug|Any CPU.ActiveCfg = Debug|Any CPU
		{E7F548B0-B3F0-49B6-A208-AA044E8325A0}.Debug|Any CPU.Build.0 = Debug|Any CPU
		{E7F548B0-B3F0-49B6-A208-AA044E8325A0}.Release|Any CPU.ActiveCfg = Release|Any CPU
		{E7F548B0-B3F0-49B6-A208-AA044E8325A0}.Release|Any CPU.Build.0 = Release|Any CPU
		{D3CE5CF2-AECD-4C13-90CE-B3A5431877BD}.Debug|Any CPU.ActiveCfg = Debug|Any CPU
		{D3CE5CF2-AECD-4C13-90CE-B3A5431877BD}.Debug|Any CPU.Build.0 = Debug|Any CPU
		{D3CE5CF2-AECD-4C13-90CE-B3A5431877BD}.Release|Any CPU.ActiveCfg = Release|Any CPU
		{D3CE5CF2-AECD-4C13-90CE-B3A5431877BD}.Release|Any CPU.Build.0 = Release|Any CPU
	EndGlobalSection
	GlobalSection(SolutionProperties) = preSolution
		HideSolutionNode = FALSE
	EndGlobalSection
	GlobalSection(ExtensibilityGlobals) = postSolution
		SolutionGuid = {3981969E-C705-4F3D-B05F-3E7EE7BB0B14}
	EndGlobalSection
EndGlobal
